{
  "name": "smarthomeedge",
  "version": "0.0.1",
  "lockfileVersion": 1,
  "requires": true,
  "dependencies": {
    "async": {
      "version": "2.6.0",
      "resolved": "https://registry.npmjs.org/async/-/async-2.6.0.tgz",
      "integrity": "sha512-xAfGg1/NTLBBKlHFmnd7PlmUW9KhVQIUuSrYem9xzFUZy13ScvtyGGejaae9iAVRiRq9+Cx7DPFaAAhCpyxyPw==",
      "requires": {
        "lodash": "4.17.5"
      }
    },
    "azure-iot-gateway": {
      "version": "1.1.4",
      "resolved": "https://registry.npmjs.org/azure-iot-gateway/-/azure-iot-gateway-1.1.4.tgz",
      "integrity": "sha1-aUC/WeBoDW3vyhMxqAikpwQdN4w=",
      "dev": true,
      "requires": {
        "azure-iot-gateway-debian": "1.0.0",
        "azure-iot-gateway-raspbian": "1.0.0",
        "azure-iot-gateway-ubuntu": "1.0.0",
        "azure-iot-gateway-windows": "1.0.0"
      }
    },
    "azure-iot-gateway-debian": {
      "version": "1.0.0",
      "resolved": "https://registry.npmjs.org/azure-iot-gateway-debian/-/azure-iot-gateway-debian-1.0.0.tgz",
      "integrity": "sha1-zbJ2oaIlhxHSwNtqjI9g+/f3NcI=",
      "dev": true
    },
    "azure-iot-gateway-raspbian": {
      "version": "1.0.0",
      "resolved": "https://registry.npmjs.org/azure-iot-gateway-raspbian/-/azure-iot-gateway-raspbian-1.0.0.tgz",
      "integrity": "sha1-sAoVq+jVzcsWGQvl5+XcNJaklVA=",
      "dev": true
    },
    "azure-iot-gateway-ubuntu": {
      "version": "1.0.0",
      "resolved": "https://registry.npmjs.org/azure-iot-gateway-ubuntu/-/azure-iot-gateway-ubuntu-1.0.0.tgz",
      "integrity": "sha1-zcBzj6su+0jOjXmngEVEvol+k08=",
      "dev": true
    },
    "azure-iot-gateway-windows": {
      "version": "1.0.0",
      "resolved": "https://registry.npmjs.org/azure-iot-gateway-windows/-/azure-iot-gateway-windows-1.0.0.tgz",
      "integrity": "sha1-kx4dp6Bf9t1sAahvwKC+THE/QuE=",
      "dev": true
    },
    "bluebird": {
      "version": "3.5.1",
      "resolved": "https://registry.npmjs.org/bluebird/-/bluebird-3.5.1.tgz",
      "integrity": "sha512-MKiLiV+I1AA596t9w1sQJ8jkiSr5+ZKi0WKrYGUn6d1Fx+Ij4tIj+m2WMQSGczs5jZVxV339chE8iwk6F64wjA=="
    },
    "color": {
      "version": "1.0.3",
      "resolved": "https://registry.npmjs.org/color/-/color-1.0.3.tgz",
      "integrity": "sha1-5I6DLYXxTvaU+0aIEcLVz+cptV0=",
      "requires": {
        "color-convert": "1.9.1",
        "color-string": "1.5.2"
      }
    },
    "color-convert": {
      "version": "1.9.1",
      "resolved": "https://registry.npmjs.org/color-convert/-/color-convert-1.9.1.tgz",
      "integrity": "sha512-mjGanIiwQJskCC18rPR6OmrZ6fm2Lc7PeGFYwCmy5J34wC6F1PzdGL6xeMfmgicfYcNLGuVFA3WzXtIDCQSZxQ==",
      "requires": {
        "color-name": "1.1.3"
      }
    },
    "color-name": {
      "version": "1.1.3",
      "resolved": "https://registry.npmjs.org/color-name/-/color-name-1.1.3.tgz",
      "integrity": "sha1-p9BVi9icQveV3UIyj3QIMcpTvCU="
    },
    "color-string": {
      "version": "1.5.2",
      "resolved": "https://registry.npmjs.org/color-string/-/color-string-1.5.2.tgz",
      "integrity": "sha1-JuRYFLw8mny9Z1FkikFDRRSnc6k=",
      "requires": {
        "color-name": "1.1.3",
        "simple-swizzle": "0.2.2"
      }
    },
    "color-temp": {
      "version": "0.0.2",
      "resolved": "https://registry.npmjs.org/color-temp/-/color-temp-0.0.2.tgz",
      "integrity": "sha1-GxTzI9nLdq0fn1p140DWHW2WA/s="
    },
    "debug": {
      "version": "3.1.0",
      "resolved": "https://registry.npmjs.org/debug/-/debug-3.1.0.tgz",
      "integrity": "sha512-OX8XqP7/1a9cqkxYw2yXss15f26NKWBpDXQd0/uK/KPqdQhxbPa994hnzjcE2VqQpDslf55723cKPUOGSmMY3g==",
      "requires": {
        "ms": "2.0.0"
      }
    },
    "deep-equal": {
      "version": "1.0.1",
      "resolved": "https://registry.npmjs.org/deep-equal/-/deep-equal-1.0.1.tgz",
      "integrity": "sha1-9dJgKStmDghO/0zbyfCK0yR0SLU="
    },
    "extend": {
      "version": "3.0.1",
      "resolved": "https://registry.npmjs.org/extend/-/extend-3.0.1.tgz",
      "integrity": "sha1-p1Xqe8Gt/MWjHOfnYtuq3F5jZEQ="
    },
    "ip": {
      "version": "1.1.5",
      "resolved": "https://registry.npmjs.org/ip/-/ip-1.1.5.tgz",
      "integrity": "sha1-vd7XARQpCCjAoDnnLvJfWq7ENUo="
    },
    "is-arrayish": {
      "version": "0.3.1",
      "resolved": "https://registry.npmjs.org/is-arrayish/-/is-arrayish-0.3.1.tgz",
      "integrity": "sha1-wt/DhquqDD4zxI2z/ocFnmkGXv0="
    },
    "is-number-like": {
      "version": "1.0.8",
      "resolved": "https://registry.npmjs.org/is-number-like/-/is-number-like-1.0.8.tgz",
      "integrity": "sha512-6rZi3ezCyFcn5L71ywzz2bS5b2Igl1En3eTlZlvKjpz1n3IZLAYMbKYAIQgFmEu0GENg92ziU/faEOA/aixjbA==",
      "requires": {
        "lodash.isfinite": "3.3.2"
      }
    },
    "lodash": {
      "version": "4.17.5",
      "resolved": "https://registry.npmjs.org/lodash/-/lodash-4.17.5.tgz",
      "integrity": "sha512-svL3uiZf1RwhH+cWrfZn3A4+U58wbP0tGVTLQPbjplZxZ8ROD9VLuNgsRniTlLe7OlSqR79RUehXgpBW/s0IQw=="
    },
    "lodash.isfinite": {
      "version": "3.3.2",
      "resolved": "https://registry.npmjs.org/lodash.isfinite/-/lodash.isfinite-3.3.2.tgz",
      "integrity": "sha1-+4m2WpqAKBgz8LdHizpRBPiY67M="
    },
    "ms": {
      "version": "2.0.0",
      "resolved": "https://registry.npmjs.org/ms/-/ms-2.0.0.tgz",
      "integrity": "sha1-VgiurfwAvmwpAd9fmGF4jeDVl8g="
    },
    "node-arp": {
      "version": "1.0.6",
      "resolved": "https://registry.npmjs.org/node-arp/-/node-arp-1.0.6.tgz",
      "integrity": "sha512-miX3CXZv1CvsWeAeoB66GVbn8X0WEbcZTmpZBnIzK4t02YF7+JDeFxYWFcqcDDaM2d/vzUFTx4zxr+G1NBRmGQ=="
    },
    "node-ssdp": {
      "version": "3.3.0",
      "resolved": "https://registry.npmjs.org/node-ssdp/-/node-ssdp-3.3.0.tgz",
      "integrity": "sha512-hFBkfUJytKC2x64jljojAbktG8aOL0C1YuNjCK54ZGBBg2382J3oTuK17T+aFgmy47noKHE5arLnYppo0JjcLw==",
      "requires": {
        "async": "2.6.0",
        "bluebird": "3.5.1",
        "debug": "3.1.0",
        "extend": "3.0.1",
        "ip": "1.1.5"
      }
    },
    "node-yeelight-wifi": {
      "version": "0.1.2",
      "resolved": "https://registry.npmjs.org/node-yeelight-wifi/-/node-yeelight-wifi-0.1.2.tgz",
      "integrity": "sha1-00wDfXNj3u1eRc7ERWLsftnNTi4=",
      "requires": {
        "color": "1.0.3",
        "color-temp": "0.0.2",
        "node-arp": "1.0.6",
        "node-ssdp": "3.3.0",
        "portscanner": "2.1.1"
      }
    },
    "portscanner": {
      "version": "2.1.1",
      "resolved": "https://registry.npmjs.org/portscanner/-/portscanner-2.1.1.tgz",
      "integrity": "sha1-6rtAnk3iSVD1oqUW01rnaTQ/u5Y=",
      "requires": {
        "async": "1.5.2",
        "is-number-like": "1.0.8"
      },
      "dependencies": {
        "async": {
          "version": "1.5.2",
          "resolved": "https://registry.npmjs.org/async/-/async-1.5.2.tgz",
          "integrity": "sha1-7GphrlZIDAw8skHJVhjiCJL5Zyo="
        }
      }
    },
    "simple-swizzle": {
      "version": "0.2.2",
      "resolved": "https://registry.npmjs.org/simple-swizzle/-/simple-swizzle-0.2.2.tgz",
      "integrity": "sha1-pNprY1/8zMoz9w0Xy5JZLeleVXo=",
      "requires": {
        "is-arrayish": "0.3.1"
      }
    }
  }
}
